
Microsoft Visual Studio Solution File, Format Version 12.00
# Visual Studio 15
VisualStudioVersion = 15.0.26430.6
MinimumVisualStudioVersion = 10.0.40219.1
Project("{FAE04EC0-301F-11D3-BF4B-00C04F79EFBC}") = "SmartMaps", "SmartMaps\SmartMaps.csproj", "{749B69EE-7364-4DF7-BF23-8045E3C0BBA8}"
EndProject
Project("{FAE04EC0-301F-11D3-BF4B-00C04F79EFBC}") = "SmartMaps.Data", "SmartMaps.Data\SmartMaps.Data.csproj", "{22E76C98-BF27-4110-A613-EA1480559B8F}"
EndProject
Project("{FAE04EC0-301F-11D3-BF4B-00C04F79EFBC}") = "SmartMaps.Utils", "SmartMaps.Utils\SmartMaps.Utils.csproj", "{D336FA25-4EEB-476C-BEAF-1F66E5114511}"
EndProject
Global
	GlobalSection(SolutionConfigurationPlatforms) = preSolution
		Debug|Any CPU = Debug|Any CPU
		Debug|ARM = Debug|ARM
		Debug|x64 = Debug|x64
		Debug|x86 = Debug|x86
		Release|Any CPU = Release|Any CPU
		Release|ARM = Release|ARM
		Release|x64 = Release|x64
		Release|x86 = Release|x86
	EndGlobalSection
	GlobalSection(ProjectConfigurationPlatforms) = postSolution
		{749B69EE-7364-4DF7-BF23-8045E3C0BBA8}.Debug|Any CPU.ActiveCfg = Debug|Any CPU
		{749B69EE-7364-4DF7-BF23-8045E3C0BBA8}.Debug|Any CPU.Build.0 = Debug|Any CPU
		{749B69EE-7364-4DF7-BF23-8045E3C0BBA8}.Debug|ARM.ActiveCfg = Debug|Any CPU
		{749B69EE-7364-4DF7-BF23-8045E3C0BBA8}.Debug|ARM.Build.0 = Debug|Any CPU
		{749B69EE-7364-4DF7-BF23-8045E3C0BBA8}.Debug|x64.ActiveCfg = Debug|Any CPU
		{749B69EE-7364-4DF7-BF23-8045E3C0BBA8}.Debug|x64.Build.0 = Debug|Any CPU
		{749B69EE-7364-4DF7-BF23-8045E3C0BBA8}.Debug|x86.ActiveCfg = Debug|Any CPU
		{749B69EE-7364-4DF7-BF23-8045E3C0BBA8}.Debug|x86.Build.0 = Debug|Any CPU
		{749B69EE-7364-4DF7-BF23-8045E3C0BBA8}.Release|Any CPU.ActiveCfg = Release|Any CPU
		{749B69EE-7364-4DF7-BF23-8045E3C0BBA8}.Release|Any CPU.Build.0 = Release|Any CPU
		{749B69EE-7364-4DF7-BF23-8045E3C0BBA8}.Release|ARM.ActiveCfg = Release|Any CPU
		{749B69EE-7364-4DF7-BF23-8045E3C0BBA8}.Release|ARM.Build.0 = Release|Any CPU
		{749B69EE-7364-4DF7-BF23-8045E3C0BBA8}.Release|x64.ActiveCfg = Release|Any CPU
		{749B69EE-7364-4DF7-BF23-8045E3C0BBA8}.Release|x64.Build.0 = Release|Any CPU
		{749B69EE-7364-4DF7-BF23-8045E3C0BBA8}.Release|x86.ActiveCfg = Release|Any CPU
		{749B69EE-7364-4DF7-BF23-8045E3C0BBA8}.Release|x86.Build.0 = Release|Any CPU
		{22E76C98-BF27-4110-A613-EA1480559B8F}.Debug|Any CPU.ActiveCfg = Debug|Any CPU
		{22E76C98-BF27-4110-A613-EA1480559B8F}.Debug|Any CPU.Build.0 = Debug|Any CPU
		{22E76C98-BF27-4110-A613-EA1480559B8F}.Debug|ARM.ActiveCfg = Debug|Any CPU
		{22E76C98-BF27-4110-A613-EA1480559B8F}.Debug|ARM.Build.0 = Debug|Any CPU
		{22E76C98-BF27-4110-A613-EA1480559B8F}.Debug|x64.ActiveCfg = Debug|Any CPU
		{22E76C98-BF27-4110-A613-EA1480559B8F}.Debug|x64.Build.0 = Debug|Any CPU
		{22E76C98-BF27-4110-A613-EA1480559B8F}.Debug|x86.ActiveCfg = Debug|Any CPU
		{22E76C98-BF27-4110-A613-EA1480559B8F}.Debug|x86.Build.0 = Debug|Any CPU
		{22E76C98-BF27-4110-A613-EA1480559B8F}.Release|Any CPU.ActiveCfg = Release|Any CPU
		{22E76C98-BF27-4110-A613-EA1480559B8F}.Release|Any CPU.Build.0 = Release|Any CPU
		{22E76C98-BF27-4110-A613-EA1480559B8F}.Release|ARM.ActiveCfg = Release|Any CPU
		{22E76C98-BF27-4110-A613-EA1480559B8F}.Release|ARM.Build.0 = Release|Any CPU
		{22E76C98-BF27-4110-A613-EA1480559B8F}.Release|x64.ActiveCfg = Release|Any CPU
		{22E76C98-BF27-4110-A613-EA1480559B8F}.Release|x64.Build.0 = Release|Any CPU
		{22E76C98-BF27-4110-A613-EA1480559B8F}.Release|x86.ActiveCfg = Release|Any CPU
		{22E76C98-BF27-4110-A613-EA1480559B8F}.Release|x86.Build.0 = Release|Any CPU
		{D336FA25-4EEB-476C-BEAF-1F66E5114511}.Debug|Any CPU.ActiveCfg = Debug|Any CPU
		{D336FA25-4EEB-476C-BEAF-1F66E5114511}.Debug|Any CPU.Build.0 = Debug|Any CPU
		{D336FA25-4EEB-476C-BEAF-1F66E5114511}.Debug|ARM.ActiveCfg = Debug|Any CPU
		{D336FA25-4EEB-476C-BEAF-1F66E5114511}.Debug|ARM.Build.0 = Debug|Any CPU
		{D336FA25-4EEB-476C-BEAF-1F66E5114511}.Debug|x64.ActiveCfg = Debug|Any CPU
		{D336FA25-4EEB-476C-BEAF-1F66E5114511}.Debug|x64.Build.0 = Debug|Any CPU
		{D336FA25-4EEB-476C-BEAF-1F66E5114511}.Debug|x86.ActiveCfg = Debug|Any CPU
		{D336FA25-4EEB-476C-BEAF-1F66E5114511}.Debug|x86.Build.0 = Debug|Any CPU
		{D336FA25-4EEB-476C-BEAF-1F66E5114511}.Release|Any CPU.ActiveCfg = Release|Any CPU
		{D336FA25-4EEB-476C-BEAF-1F66E5114511}.Release|Any CPU.Build.0 = Release|Any CPU
		{D336FA25-4EEB-476C-BEAF-1F66E5114511}.Release|ARM.ActiveCfg = Release|Any CPU
		{D336FA25-4EEB-476C-BEAF-1F66E5114511}.Release|ARM.Build.0 = Release|Any CPU
		{D336FA25-4EEB-476C-BEAF-1F66E5114511}.Release|x64.ActiveCfg = Release|Any CPU
		{D336FA25-4EEB-476C-BEAF-1F66E5114511}.Release|x64.Build.0 = Release|Any CPU
		{D336FA25-4EEB-476C-BEAF-1F66E5114511}.Release|x86.ActiveCfg = Release|Any CPU
		{D336FA25-4EEB-476C-BEAF-1F66E5114511}.Release|x86.Build.0 = Release|Any CPU
	EndGlobalSection
	GlobalSection(SolutionProperties) = preSolution
		HideSolutionNode = FALSE
	EndGlobalSection
EndGlobal
